// !$*UTF8*$!
{
	archiveVersion = 1;
	classes = {
	};
	objectVersion = 56;
	objects = {

/* Begin PBXBuildFile section */
		586F228C2A33861C004C7410 /* ReboundJournalApp.swift in Sources */ = {isa = PBXBuildFile; fileRef = 586F228B2A33861C004C7410 /* ReboundJournalApp.swift */; };
		586F228E2A33861C004C7410 /* DashboardContentView.swift in Sources */ = {isa = PBXBuildFile; fileRef = 586F228D2A33861C004C7410 /* DashboardContentView.swift */; };
		586F22902A33861D004C7410 /* Assets.xcassets in Resources */ = {isa = PBXBuildFile; fileRef = 586F228F2A33861D004C7410 /* Assets.xcassets */; };
		586F22932A33861D004C7410 /* Preview Assets.xcassets in Resources */ = {isa = PBXBuildFile; fileRef = 586F22922A33861D004C7410 /* Preview Assets.xcassets */; };
		586F229B2A3387AF004C7410 /* DataManager.swift in Sources */ = {isa = PBXBuildFile; fileRef = 586F229A2A3387AF004C7410 /* DataManager.swift */; };
		586F22A02A338990004C7410 /* AppConfig.swift in Sources */ = {isa = PBXBuildFile; fileRef = 586F229F2A338990004C7410 /* AppConfig.swift */; };
		586F22AB2A339261004C7410 /* JournalEntryCreationStep.swift in Sources */ = {isa = PBXBuildFile; fileRef = 586F22AA2A339261004C7410 /* JournalEntryCreationStep.swift */; };
		589DCCB02D04B887003F86E5 /* AppDelegate.swift in Sources */ = {isa = PBXBuildFile; fileRef = 589DCCAF2D04B887003F86E5 /* AppDelegate.swift */; };
		58D6706D2BD01BBE00F581E2 /* String+Extension.swift in Sources */ = {isa = PBXBuildFile; fileRef = 58D6706C2BD01BBE00F581E2 /* String+Extension.swift */; };
		58D6706F2BD01BDE00F581E2 /* Date+Extension.swift in Sources */ = {isa = PBXBuildFile; fileRef = 58D6706E2BD01BDE00F581E2 /* Date+Extension.swift */; };
		58D670712BD01C0F00F581E2 /* Calendar+Extension.swift in Sources */ = {isa = PBXBuildFile; fileRef = 58D670702BD01C0F00F581E2 /* Calendar+Extension.swift */; };
		58D670732BD01EC100F581E2 /* View+Extension.swift in Sources */ = {isa = PBXBuildFile; fileRef = 58D670722BD01EC100F581E2 /* View+Extension.swift */; };
		58D670752BD01ED900F581E2 /* UIImage+Extension.swift in Sources */ = {isa = PBXBuildFile; fileRef = 58D670742BD01ED900F581E2 /* UIImage+Extension.swift */; };
		58D670772BD01F0400F581E2 /* Binding+Extension.swift in Sources */ = {isa = PBXBuildFile; fileRef = 58D670762BD01F0400F581E2 /* Binding+Extension.swift */; };
		58D670792BD01F2400F581E2 /* UIAlertAction+Extension.swift in Sources */ = {isa = PBXBuildFile; fileRef = 58D670782BD01F2400F581E2 /* UIAlertAction+Extension.swift */; };
		58D6707B2BD0275600F581E2 /* Constants.swift in Sources */ = {isa = PBXBuildFile; fileRef = 58D6707A2BD0275600F581E2 /* Constants.swift */; };
		58FAF68D2D01F0C8008BE152 /* SettingsView.swift in Sources */ = {isa = PBXBuildFile; fileRef = 58FAF68C2D01F0C8008BE152 /* SettingsView.swift */; };
		58FAF68F2D01F2C4008BE152 /* PasscodeView.swift in Sources */ = {isa = PBXBuildFile; fileRef = 58FAF68E2D01F2C4008BE152 /* PasscodeView.swift */; };
		8F8ACA842E1E946100624A89 /* Alert+Extension.swift in Sources */ = {isa = PBXBuildFile; fileRef = 8F8ACA832E1E946100624A89 /* Alert+Extension.swift */; };
		9C5A70EA2BD201D0004B6F30 /* Color+Extension.swift in Sources */ = {isa = PBXBuildFile; fileRef = 9C5A70E92BD201D0004B6F30 /* Color+Extension.swift */; };
		C3423FD02DD8F385000F2E4D /* SubGoalData.swift in Sources */ = {isa = PBXBuildFile; fileRef = C3423FCF2DD8F385000F2E4D /* SubGoalData.swift */; };
		C345BA722E50DB4C00F93049 /* TargetList.swift in Sources */ = {isa = PBXBuildFile; fileRef = C345BA712E50DB4C00F93049 /* TargetList.swift */; };
		C345BA782E54523B00F93049 /* HomeView.swift in Sources */ = {isa = PBXBuildFile; fileRef = C345BA772E54523B00F93049 /* HomeView.swift */; };
		C345BA7A2E545A8900F93049 /* JournalList.swift in Sources */ = {isa = PBXBuildFile; fileRef = C345BA792E545A8900F93049 /* JournalList.swift */; };
		C37782F32DB4E3C600BE2CF2 /* JournalSummary.swift in Sources */ = {isa = PBXBuildFile; fileRef = C37782F22DB4E3C600BE2CF2 /* JournalSummary.swift */; };
		C37782F52DB4E65700BE2CF2 /* Array+Extension.swift in Sources */ = {isa = PBXBuildFile; fileRef = C37782F42DB4E65700BE2CF2 /* Array+Extension.swift */; };
		C37782F72DB4EE3000BE2CF2 /* JournalMetaData.swift in Sources */ = {isa = PBXBuildFile; fileRef = C37782F62DB4EE3000BE2CF2 /* JournalMetaData.swift */; };
		C37782F92DB4F3F800BE2CF2 /* JournalChart.swift in Sources */ = {isa = PBXBuildFile; fileRef = C37782F82DB4F3F800BE2CF2 /* JournalChart.swift */; };
		C377A9642DCFA63F000F227D /* JournalData.swift in Sources */ = {isa = PBXBuildFile; fileRef = C377A9632DCFA63F000F227D /* JournalData.swift */; };
		C37E18092E617A53000B4E5B /* HomeViewModel.swift in Sources */ = {isa = PBXBuildFile; fileRef = C37E18082E617A53000B4E5B /* HomeViewModel.swift */; };
		C3A07BBF2DBA4B640057D3C3 /* ChartDetailView.swift in Sources */ = {isa = PBXBuildFile; fileRef = C3A07BB72DBA4B640057D3C3 /* ChartDetailView.swift */; };
		C3A07BC52DBA4B640057D3C3 /* JournalCreatorViewModel.swift in Sources */ = {isa = PBXBuildFile; fileRef = C3A07BBA2DBA4B640057D3C3 /* JournalCreatorViewModel.swift */; };
		C3A07BC62DBA4B640057D3C3 /* ChartViewModel.swift in Sources */ = {isa = PBXBuildFile; fileRef = C3A07BB92DBA4B640057D3C3 /* ChartViewModel.swift */; };
		C3A07BC72DBA4B640057D3C3 /* ChartView.swift in Sources */ = {isa = PBXBuildFile; fileRef = C3A07BB82DBA4B640057D3C3 /* ChartView.swift */; };
		C3A07BD92DBBCEE20057D3C3 /* ModalHeaderBar.swift in Sources */ = {isa = PBXBuildFile; fileRef = C3A07BCF2DBBCEE20057D3C3 /* ModalHeaderBar.swift */; };
		C3A07BDA2DBBCEE20057D3C3 /* EmotionInputView.swift in Sources */ = {isa = PBXBuildFile; fileRef = C3A07BD42DBBCEE20057D3C3 /* EmotionInputView.swift */; };
		C3A07BDB2DBBCEE20057D3C3 /* EmotionTracker.swift in Sources */ = {isa = PBXBuildFile; fileRef = C3A07BCE2DBBCEE20057D3C3 /* EmotionTracker.swift */; };
		C3A07BDC2DBBCEE20057D3C3 /* SelectShootTypeView.swift in Sources */ = {isa = PBXBuildFile; fileRef = C3A07BD72DBBCEE20057D3C3 /* SelectShootTypeView.swift */; };
		C3A07BDD2DBBCEE20057D3C3 /* VerticalSlider.swift in Sources */ = {isa = PBXBuildFile; fileRef = C3A07BD22DBBCEE20057D3C3 /* VerticalSlider.swift */; };
		C3A07BDE2DBBCEE20057D3C3 /* ShootCreationHeader.swift in Sources */ = {isa = PBXBuildFile; fileRef = C3A07BD02DBBCEE20057D3C3 /* ShootCreationHeader.swift */; };
		C3A07BDF2DBBCEE20057D3C3 /* JounrnalCreator.swift in Sources */ = {isa = PBXBuildFile; fileRef = C3A07BD52DBBCEE20057D3C3 /* JounrnalCreator.swift */; };
		C3A07BE02DBBCEE20057D3C3 /* ReviewPlanView.swift in Sources */ = {isa = PBXBuildFile; fileRef = C3A07BD62DBBCEE20057D3C3 /* ReviewPlanView.swift */; };
		C3A07BE12DBBCEE20057D3C3 /* StepControlView.swift in Sources */ = {isa = PBXBuildFile; fileRef = C3A07BD12DBBCEE20057D3C3 /* StepControlView.swift */; };
		C3A07BE22DBBCEE20057D3C3 /* ChartDateSelector.swift in Sources */ = {isa = PBXBuildFile; fileRef = C3A07BCC2DBBCEE20057D3C3 /* ChartDateSelector.swift */; };
		C3A07BE32DBBCEE20057D3C3 /* EmotionText.swift in Sources */ = {isa = PBXBuildFile; fileRef = C3A07BCD2DBBCEE20057D3C3 /* EmotionText.swift */; };
		C3A07BE92DBBF7120057D3C3 /* Database.xcdatamodeld in Sources */ = {isa = PBXBuildFile; fileRef = C3A07BE72DBBF7120057D3C3 /* Database.xcdatamodeld */; };
		C3B1B7AD2D9462140008E38D /* Localizable.xcstrings in Resources */ = {isa = PBXBuildFile; fileRef = C3B1B7AB2D9462140008E38D /* Localizable.xcstrings */; };
		C3BAA6C52DC88F4E00D17DD8 /* CreateTargetView.swift in Sources */ = {isa = PBXBuildFile; fileRef = C3BAA6C42DC88F4E00D17DD8 /* CreateTargetView.swift */; };
		C3BAA6C72DC8FE8400D17DD8 /* SelectTargetView.swift in Sources */ = {isa = PBXBuildFile; fileRef = C3BAA6C62DC8FE8400D17DD8 /* SelectTargetView.swift */; };
		C3D6A50F2DAFBD9B0030FBC6 /* Protocols.swift in Sources */ = {isa = PBXBuildFile; fileRef = C3D6A50E2DAFBD9A0030FBC6 /* Protocols.swift */; };
/* End PBXBuildFile section */

/* Begin PBXFileReference section */
		586F22882A33861C004C7410 /* Rebound Journal.app */ = {isa = PBXFileReference; explicitFileType = wrapper.application; includeInIndex = 0; path = "Rebound Journal.app"; sourceTree = BUILT_PRODUCTS_DIR; };
		586F228B2A33861C004C7410 /* ReboundJournalApp.swift */ = {isa = PBXFileReference; lastKnownFileType = sourcecode.swift; path = ReboundJournalApp.swift; sourceTree = "<group>"; };
		586F228D2A33861C004C7410 /* DashboardContentView.swift */ = {isa = PBXFileReference; lastKnownFileType = sourcecode.swift; path = DashboardContentView.swift; sourceTree = "<group>"; };
		586F228F2A33861D004C7410 /* Assets.xcassets */ = {isa = PBXFileReference; lastKnownFileType = folder.assetcatalog; path = Assets.xcassets; sourceTree = "<group>"; };
		586F22922A33861D004C7410 /* Preview Assets.xcassets */ = {isa = PBXFileReference; lastKnownFileType = folder.assetcatalog; path = "Preview Assets.xcassets"; sourceTree = "<group>"; };
		586F229A2A3387AF004C7410 /* DataManager.swift */ = {isa = PBXFileReference; lastKnownFileType = sourcecode.swift; path = DataManager.swift; sourceTree = "<group>"; };
		586F229F2A338990004C7410 /* AppConfig.swift */ = {isa = PBXFileReference; lastKnownFileType = sourcecode.swift; path = AppConfig.swift; sourceTree = "<group>"; };
		586F22AA2A339261004C7410 /* JournalEntryCreationStep.swift */ = {isa = PBXFileReference; lastKnownFileType = sourcecode.swift; path = JournalEntryCreationStep.swift; sourceTree = "<group>"; };
		589DCCAF2D04B887003F86E5 /* AppDelegate.swift */ = {isa = PBXFileReference; lastKnownFileType = sourcecode.swift; path = AppDelegate.swift; sourceTree = "<group>"; };
		58D6706C2BD01BBE00F581E2 /* String+Extension.swift */ = {isa = PBXFileReference; lastKnownFileType = sourcecode.swift; path = "String+Extension.swift"; sourceTree = "<group>"; };
		58D6706E2BD01BDE00F581E2 /* Date+Extension.swift */ = {isa = PBXFileReference; lastKnownFileType = sourcecode.swift; path = "Date+Extension.swift"; sourceTree = "<group>"; };
		58D670702BD01C0F00F581E2 /* Calendar+Extension.swift */ = {isa = PBXFileReference; lastKnownFileType = sourcecode.swift; path = "Calendar+Extension.swift"; sourceTree = "<group>"; };
		58D670722BD01EC100F581E2 /* View+Extension.swift */ = {isa = PBXFileReference; lastKnownFileType = sourcecode.swift; path = "View+Extension.swift"; sourceTree = "<group>"; };
		58D670742BD01ED900F581E2 /* UIImage+Extension.swift */ = {isa = PBXFileReference; lastKnownFileType = sourcecode.swift; path = "UIImage+Extension.swift"; sourceTree = "<group>"; };
		58D670762BD01F0400F581E2 /* Binding+Extension.swift */ = {isa = PBXFileReference; lastKnownFileType = sourcecode.swift; path = "Binding+Extension.swift"; sourceTree = "<group>"; };
		58D670782BD01F2400F581E2 /* UIAlertAction+Extension.swift */ = {isa = PBXFileReference; lastKnownFileType = sourcecode.swift; path = "UIAlertAction+Extension.swift"; sourceTree = "<group>"; };
		58D6707A2BD0275600F581E2 /* Constants.swift */ = {isa = PBXFileReference; lastKnownFileType = sourcecode.swift; path = Constants.swift; sourceTree = "<group>"; };
		58FAF68C2D01F0C8008BE152 /* SettingsView.swift */ = {isa = PBXFileReference; lastKnownFileType = sourcecode.swift; path = SettingsView.swift; sourceTree = "<group>"; };
		58FAF68E2D01F2C4008BE152 /* PasscodeView.swift */ = {isa = PBXFileReference; lastKnownFileType = sourcecode.swift; path = PasscodeView.swift; sourceTree = "<group>"; };
		58FE87B22E37A04E00B91E3C /* Rebound Journal.entitlements */ = {isa = PBXFileReference; lastKnownFileType = text.plist.entitlements; path = "Rebound Journal.entitlements"; sourceTree = "<group>"; };
		8F8ACA832E1E946100624A89 /* Alert+Extension.swift */ = {isa = PBXFileReference; lastKnownFileType = sourcecode.swift; path = "Alert+Extension.swift"; sourceTree = "<group>"; };
		9C5A70E92BD201D0004B6F30 /* Color+Extension.swift */ = {isa = PBXFileReference; lastKnownFileType = sourcecode.swift; path = "Color+Extension.swift"; sourceTree = "<group>"; };
		C3423FCF2DD8F385000F2E4D /* SubGoalData.swift */ = {isa = PBXFileReference; lastKnownFileType = sourcecode.swift; path = SubGoalData.swift; sourceTree = "<group>"; };
		C345BA712E50DB4C00F93049 /* TargetList.swift */ = {isa = PBXFileReference; lastKnownFileType = sourcecode.swift; path = TargetList.swift; sourceTree = "<group>"; };
		C345BA772E54523B00F93049 /* HomeView.swift */ = {isa = PBXFileReference; lastKnownFileType = sourcecode.swift; path = HomeView.swift; sourceTree = "<group>"; };
		C345BA792E545A8900F93049 /* JournalList.swift */ = {isa = PBXFileReference; lastKnownFileType = sourcecode.swift; path = JournalList.swift; sourceTree = "<group>"; };
		C37782F22DB4E3C600BE2CF2 /* JournalSummary.swift */ = {isa = PBXFileReference; lastKnownFileType = sourcecode.swift; path = JournalSummary.swift; sourceTree = "<group>"; };
		C37782F42DB4E65700BE2CF2 /* Array+Extension.swift */ = {isa = PBXFileReference; lastKnownFileType = sourcecode.swift; path = "Array+Extension.swift"; sourceTree = "<group>"; };
		C37782F62DB4EE3000BE2CF2 /* JournalMetaData.swift */ = {isa = PBXFileReference; lastKnownFileType = sourcecode.swift; path = JournalMetaData.swift; sourceTree = "<group>"; };
		C37782F82DB4F3F800BE2CF2 /* JournalChart.swift */ = {isa = PBXFileReference; lastKnownFileType = sourcecode.swift; path = JournalChart.swift; sourceTree = "<group>"; };
		C377A9632DCFA63F000F227D /* JournalData.swift */ = {isa = PBXFileReference; lastKnownFileType = sourcecode.swift; path = JournalData.swift; sourceTree = "<group>"; };
		C37E18082E617A53000B4E5B /* HomeViewModel.swift */ = {isa = PBXFileReference; lastKnownFileType = sourcecode.swift; path = HomeViewModel.swift; sourceTree = "<group>"; };
		C3A07BB72DBA4B640057D3C3 /* ChartDetailView.swift */ = {isa = PBXFileReference; lastKnownFileType = sourcecode.swift; path = ChartDetailView.swift; sourceTree = "<group>"; };
		C3A07BB82DBA4B640057D3C3 /* ChartView.swift */ = {isa = PBXFileReference; lastKnownFileType = sourcecode.swift; path = ChartView.swift; sourceTree = "<group>"; };
		C3A07BB92DBA4B640057D3C3 /* ChartViewModel.swift */ = {isa = PBXFileReference; lastKnownFileType = sourcecode.swift; path = ChartViewModel.swift; sourceTree = "<group>"; };
		C3A07BBA2DBA4B640057D3C3 /* JournalCreatorViewModel.swift */ = {isa = PBXFileReference; lastKnownFileType = sourcecode.swift; path = JournalCreatorViewModel.swift; sourceTree = "<group>"; };
		C3A07BCC2DBBCEE20057D3C3 /* ChartDateSelector.swift */ = {isa = PBXFileReference; lastKnownFileType = sourcecode.swift; path = ChartDateSelector.swift; sourceTree = "<group>"; };
		C3A07BCD2DBBCEE20057D3C3 /* EmotionText.swift */ = {isa = PBXFileReference; lastKnownFileType = sourcecode.swift; path = EmotionText.swift; sourceTree = "<group>"; };
		C3A07BCE2DBBCEE20057D3C3 /* EmotionTracker.swift */ = {isa = PBXFileReference; lastKnownFileType = sourcecode.swift; path = EmotionTracker.swift; sourceTree = "<group>"; };
		C3A07BCF2DBBCEE20057D3C3 /* ModalHeaderBar.swift */ = {isa = PBXFileReference; lastKnownFileType = sourcecode.swift; path = ModalHeaderBar.swift; sourceTree = "<group>"; };
		C3A07BD02DBBCEE20057D3C3 /* ShootCreationHeader.swift */ = {isa = PBXFileReference; lastKnownFileType = sourcecode.swift; path = ShootCreationHeader.swift; sourceTree = "<group>"; };
		C3A07BD12DBBCEE20057D3C3 /* StepControlView.swift */ = {isa = PBXFileReference; lastKnownFileType = sourcecode.swift; path = StepControlView.swift; sourceTree = "<group>"; };
		C3A07BD22DBBCEE20057D3C3 /* VerticalSlider.swift */ = {isa = PBXFileReference; lastKnownFileType = sourcecode.swift; path = VerticalSlider.swift; sourceTree = "<group>"; };
		C3A07BD42DBBCEE20057D3C3 /* EmotionInputView.swift */ = {isa = PBXFileReference; lastKnownFileType = sourcecode.swift; path = EmotionInputView.swift; sourceTree = "<group>"; };
		C3A07BD52DBBCEE20057D3C3 /* JounrnalCreator.swift */ = {isa = PBXFileReference; lastKnownFileType = sourcecode.swift; path = JounrnalCreator.swift; sourceTree = "<group>"; };
		C3A07BD62DBBCEE20057D3C3 /* ReviewPlanView.swift */ = {isa = PBXFileReference; lastKnownFileType = sourcecode.swift; path = ReviewPlanView.swift; sourceTree = "<group>"; };
		C3A07BD72DBBCEE20057D3C3 /* SelectShootTypeView.swift */ = {isa = PBXFileReference; lastKnownFileType = sourcecode.swift; path = SelectShootTypeView.swift; sourceTree = "<group>"; };
		C3A07BE82DBBF7120057D3C3 /* Database.xcdatamodel */ = {isa = PBXFileReference; lastKnownFileType = wrapper.xcdatamodel; path = Database.xcdatamodel; sourceTree = "<group>"; };
		C3B1B7AB2D9462140008E38D /* Localizable.xcstrings */ = {isa = PBXFileReference; lastKnownFileType = text.json.xcstrings; path = Localizable.xcstrings; sourceTree = "<group>"; };
		C3B1B7AC2D9462140008E38D /* Rebound-Journal-Info.plist */ = {isa = PBXFileReference; lastKnownFileType = text.plist.xml; path = "Rebound-Journal-Info.plist"; sourceTree = "<group>"; };
		C3BAA6C42DC88F4E00D17DD8 /* CreateTargetView.swift */ = {isa = PBXFileReference; lastKnownFileType = sourcecode.swift; path = CreateTargetView.swift; sourceTree = "<group>"; };
		C3BAA6C62DC8FE8400D17DD8 /* SelectTargetView.swift */ = {isa = PBXFileReference; lastKnownFileType = sourcecode.swift; path = SelectTargetView.swift; sourceTree = "<group>"; };
		C3D6A50E2DAFBD9A0030FBC6 /* Protocols.swift */ = {isa = PBXFileReference; lastKnownFileType = sourcecode.swift; path = Protocols.swift; sourceTree = "<group>"; };
/* End PBXFileReference section */

/* Begin PBXFrameworksBuildPhase section */
		586F22852A33861C004C7410 /* Frameworks */ = {
			isa = PBXFrameworksBuildPhase;
			buildActionMask = 2147483647;
			files = (
			);
			runOnlyForDeploymentPostprocessing = 0;
		};
/* End PBXFrameworksBuildPhase section */

/* Begin PBXGroup section */
		586F227F2A33861C004C7410 = {
			isa = PBXGroup;
			children = (
				C3B1B7AB2D9462140008E38D /* Localizable.xcstrings */,
				C3B1B7AC2D9462140008E38D /* Rebound-Journal-Info.plist */,
				586F228A2A33861C004C7410 /* Rebound Journal */,
				586F22892A33861C004C7410 /* Products */,
			);
			sourceTree = "<group>";
		};
		586F22892A33861C004C7410 /* Products */ = {
			isa = PBXGroup;
			children = (
				586F22882A33861C004C7410 /* Rebound Journal.app */,
			);
			name = Products;
			sourceTree = "<group>";
		};
		586F228A2A33861C004C7410 /* Rebound Journal */ = {
			isa = PBXGroup;
			children = (
				58FE87B22E37A04E00B91E3C /* Rebound Journal.entitlements */,
				C3A07BCB2DBBCED10057D3C3 /* ViewModel */,
				58D6706B2BD01BA800F581E2 /* Extensions */,
				586F22992A338793004C7410 /* Model */,
				589D5F412A3EDBD100DB3CCF /* Screen */,
				589DCCAF2D04B887003F86E5 /* AppDelegate.swift */,
				586F229F2A338990004C7410 /* AppConfig.swift */,
				586F228B2A33861C004C7410 /* ReboundJournalApp.swift */,
				58D6707A2BD0275600F581E2 /* Constants.swift */,
				586F228F2A33861D004C7410 /* Assets.xcassets */,
				586F22912A33861D004C7410 /* Preview Content */,
			);
			path = "Rebound Journal";
			sourceTree = "<group>";
		};
		586F22912A33861D004C7410 /* Preview Content */ = {
			isa = PBXGroup;
			children = (
				586F22922A33861D004C7410 /* Preview Assets.xcassets */,
			);
			path = "Preview Content";
			sourceTree = "<group>";
		};
		586F22992A338793004C7410 /* Model */ = {
			isa = PBXGroup;
			children = (
				C38D927A2E4B94A900C569E9 /* Shared */,
				C38D92782E4B947000C569E9 /* Chart */,
				C38D92702E4B92D300C569E9 /* Journal */,
			);
			path = Model;
			sourceTree = "<group>";
		};
		589D5F412A3EDBD100DB3CCF /* Screen */ = {
			isa = PBXGroup;
			children = (
				C38D927B2E4B94D100C569E9 /* Home */,
				C38D92742E4B938900C569E9 /* Components */,
				C38D92722E4B935300C569E9 /* Chart */,
				C38D92712E4B934100C569E9 /* Target */,
				C38D926F2E4B92BC00C569E9 /* Journal */,
				C38D926E2E4B92AF00C569E9 /* Setting */,
			);
			path = Screen;
			sourceTree = "<group>";
		};
		58D6706B2BD01BA800F581E2 /* Extensions */ = {
			isa = PBXGroup;
			children = (
				58D6706C2BD01BBE00F581E2 /* String+Extension.swift */,
				58D6706E2BD01BDE00F581E2 /* Date+Extension.swift */,
				58D670702BD01C0F00F581E2 /* Calendar+Extension.swift */,
				58D670722BD01EC100F581E2 /* View+Extension.swift */,
				58D670742BD01ED900F581E2 /* UIImage+Extension.swift */,
				58D670762BD01F0400F581E2 /* Binding+Extension.swift */,
				58D670782BD01F2400F581E2 /* UIAlertAction+Extension.swift */,
				9C5A70E92BD201D0004B6F30 /* Color+Extension.swift */,
				C37782F42DB4E65700BE2CF2 /* Array+Extension.swift */,
				8F8ACA832E1E946100624A89 /* Alert+Extension.swift */,
			);
			path = Extensions;
			sourceTree = "<group>";
		};
		C345BA702E50DB3E00F93049 /* SubView */ = {
			isa = PBXGroup;
			children = (
				C345BA712E50DB4C00F93049 /* TargetList.swift */,
				C345BA792E545A8900F93049 /* JournalList.swift */,
			);
			path = SubView;
			sourceTree = "<group>";
		};
		C37E18072E617A42000B4E5B /* Home */ = {
			isa = PBXGroup;
			children = (
				C37E18082E617A53000B4E5B /* HomeViewModel.swift */,
			);
			path = Home;
			sourceTree = "<group>";
		};
		C38D926E2E4B92AF00C569E9 /* Setting */ = {
			isa = PBXGroup;
			children = (
				58FAF68E2D01F2C4008BE152 /* PasscodeView.swift */,
				58FAF68C2D01F0C8008BE152 /* SettingsView.swift */,
			);
			path = Setting;
			sourceTree = "<group>";
		};
		C38D926F2E4B92BC00C569E9 /* Journal */ = {
			isa = PBXGroup;
			children = (
				C3A07BE62DBBCF140057D3C3 /* Creation */,
			);
			path = Journal;
			sourceTree = "<group>";
		};
		C38D92702E4B92D300C569E9 /* Journal */ = {
			isa = PBXGroup;
			children = (
				586F22AA2A339261004C7410 /* JournalEntryCreationStep.swift */,
			);
			path = Journal;
			sourceTree = "<group>";
		};
		C38D92712E4B934100C569E9 /* Target */ = {
			isa = PBXGroup;
			children = (
				C3BAA6C42DC88F4E00D17DD8 /* CreateTargetView.swift */,
				C3BAA6C62DC8FE8400D17DD8 /* SelectTargetView.swift */,
			);
			path = Target;
			sourceTree = "<group>";
		};
		C38D92722E4B935300C569E9 /* Chart */ = {
			isa = PBXGroup;
			children = (
				C3A07BB82DBA4B640057D3C3 /* ChartView.swift */,
				C38D92732E4B936800C569E9 /* SubView */,
			);
			path = Chart;
			sourceTree = "<group>";
		};
		C38D92732E4B936800C569E9 /* SubView */ = {
			isa = PBXGroup;
			children = (
				C3A07BCC2DBBCEE20057D3C3 /* ChartDateSelector.swift */,
				C3A07BB72DBA4B640057D3C3 /* ChartDetailView.swift */,
			);
			path = SubView;
			sourceTree = "<group>";
		};
		C38D92742E4B938900C569E9 /* Components */ = {
			isa = PBXGroup;
			children = (
				C3A07BCF2DBBCEE20057D3C3 /* ModalHeaderBar.swift */,
				C3A07BD12DBBCEE20057D3C3 /* StepControlView.swift */,
				C3A07BD22DBBCEE20057D3C3 /* VerticalSlider.swift */,
			);
			path = Components;
			sourceTree = "<group>";
		};
		C38D92752E4B93CA00C569E9 /* Chart */ = {
			isa = PBXGroup;
			children = (
				C3A07BB92DBA4B640057D3C3 /* ChartViewModel.swift */,
			);
			path = Chart;
			sourceTree = "<group>";
		};
		C38D92762E4B93CE00C569E9 /* Journal */ = {
			isa = PBXGroup;
			children = (
				C38D927C2E4B968800C569E9 /* Creation */,
			);
			path = Journal;
			sourceTree = "<group>";
		};
		C38D92772E4B93E500C569E9 /* SubView */ = {
			isa = PBXGroup;
			children = (
				C3A07BD72DBBCEE20057D3C3 /* SelectShootTypeView.swift */,
				C3A07BD62DBBCEE20057D3C3 /* ReviewPlanView.swift */,
				C3A07BD42DBBCEE20057D3C3 /* EmotionInputView.swift */,
				C3A07BCD2DBBCEE20057D3C3 /* EmotionText.swift */,
				C3A07BCE2DBBCEE20057D3C3 /* EmotionTracker.swift */,
				C3A07BD02DBBCEE20057D3C3 /* ShootCreationHeader.swift */,
			);
			path = SubView;
			sourceTree = "<group>";
		};
		C38D92782E4B947000C569E9 /* Chart */ = {
			isa = PBXGroup;
			children = (
				C37782F62DB4EE3000BE2CF2 /* JournalMetaData.swift */,
				C37782F22DB4E3C600BE2CF2 /* JournalSummary.swift */,
				C37782F82DB4F3F800BE2CF2 /* JournalChart.swift */,
			);
			path = Chart;
			sourceTree = "<group>";
		};
		C38D92792E4B949100C569E9 /* Shared */ = {
			isa = PBXGroup;
			children = (
				586F229A2A3387AF004C7410 /* DataManager.swift */,
			);
			path = Shared;
			sourceTree = "<group>";
		};
		C38D927A2E4B94A900C569E9 /* Shared */ = {
			isa = PBXGroup;
			children = (
				C3423FCF2DD8F385000F2E4D /* SubGoalData.swift */,
				C3A07BE72DBBF7120057D3C3 /* Database.xcdatamodeld */,
				C3D6A50E2DAFBD9A0030FBC6 /* Protocols.swift */,
				C377A9632DCFA63F000F227D /* JournalData.swift */,
			);
			path = Shared;
			sourceTree = "<group>";
		};
		C38D927B2E4B94D100C569E9 /* Home */ = {
			isa = PBXGroup;
			children = (
				C345BA772E54523B00F93049 /* HomeView.swift */,
				586F228D2A33861C004C7410 /* DashboardContentView.swift */,
				C345BA702E50DB3E00F93049 /* SubView */,
			);
			path = Home;
			sourceTree = "<group>";
		};
		C38D927C2E4B968800C569E9 /* Creation */ = {
			isa = PBXGroup;
			children = (
				C3A07BBA2DBA4B640057D3C3 /* JournalCreatorViewModel.swift */,
			);
			path = Creation;
			sourceTree = "<group>";
		};
		C3A07BCB2DBBCED10057D3C3 /* ViewModel */ = {
			isa = PBXGroup;
			children = (
				C37E18072E617A42000B4E5B /* Home */,
				C38D92792E4B949100C569E9 /* Shared */,
				C38D92762E4B93CE00C569E9 /* Journal */,
				C38D92752E4B93CA00C569E9 /* Chart */,
			);
			path = ViewModel;
			sourceTree = "<group>";
		};
		C3A07BE62DBBCF140057D3C3 /* Creation */ = {
			isa = PBXGroup;
			children = (
				C3A07BD52DBBCEE20057D3C3 /* JounrnalCreator.swift */,
				C38D92772E4B93E500C569E9 /* SubView */,
			);
			path = Creation;
			sourceTree = "<group>";
		};
/* End PBXGroup section */

/* Begin PBXNativeTarget section */
		586F22872A33861C004C7410 /* Rebound Journal */ = {
			isa = PBXNativeTarget;
			buildConfigurationList = 586F22962A33861D004C7410 /* Build configuration list for PBXNativeTarget "Rebound Journal" */;
			buildPhases = (
				586F22842A33861C004C7410 /* Sources */,
				586F22852A33861C004C7410 /* Frameworks */,
				586F22862A33861C004C7410 /* Resources */,
			);
			buildRules = (
			);
			dependencies = (
			);
			name = "Rebound Journal";
			productName = "Rebound Journal";
			productReference = 586F22882A33861C004C7410 /* Rebound Journal.app */;
			productType = "com.apple.product-type.application";
		};
/* End PBXNativeTarget section */

/* Begin PBXProject section */
		586F22802A33861C004C7410 /* Project object */ = {
			isa = PBXProject;
			attributes = {
				BuildIndependentTargetsInParallel = 1;
				LastSwiftUpdateCheck = 1430;
				LastUpgradeCheck = 1530;
				TargetAttributes = {
					586F22872A33861C004C7410 = {
						CreatedOnToolsVersion = 14.3;
					};
				};
			};
			buildConfigurationList = 586F22832A33861C004C7410 /* Build configuration list for PBXProject "Rebound Journal" */;
			compatibilityVersion = "Xcode 14.0";
			developmentRegion = ko;
			hasScannedForEncodings = 0;
			knownRegions = (
				Base,
				ko,
			);
			mainGroup = 586F227F2A33861C004C7410;
			productRefGroup = 586F22892A33861C004C7410 /* Products */;
			projectDirPath = "";
			projectRoot = "";
			targets = (
				586F22872A33861C004C7410 /* Rebound Journal */,
			);
		};
/* End PBXProject section */

/* Begin PBXResourcesBuildPhase section */
		586F22862A33861C004C7410 /* Resources */ = {
			isa = PBXResourcesBuildPhase;
			buildActionMask = 2147483647;
			files = (
				586F22932A33861D004C7410 /* Preview Assets.xcassets in Resources */,
				C3B1B7AD2D9462140008E38D /* Localizable.xcstrings in Resources */,
				586F22902A33861D004C7410 /* Assets.xcassets in Resources */,
			);
			runOnlyForDeploymentPostprocessing = 0;
		};
/* End PBXResourcesBuildPhase section */

/* Begin PBXSourcesBuildPhase section */
		586F22842A33861C004C7410 /* Sources */ = {
			isa = PBXSourcesBuildPhase;
			buildActionMask = 2147483647;
			files = (
				589DCCB02D04B887003F86E5 /* AppDelegate.swift in Sources */,
				58D6707B2BD0275600F581E2 /* Constants.swift in Sources */,
				C3A07BE22DBBCEE20057D3C3 /* ChartDateSelector.swift in Sources */,
				8F8ACA842E1E946100624A89 /* Alert+Extension.swift in Sources */,
				58D6706F2BD01BDE00F581E2 /* Date+Extension.swift in Sources */,
				58FAF68D2D01F0C8008BE152 /* SettingsView.swift in Sources */,
				C3A07BE02DBBCEE20057D3C3 /* ReviewPlanView.swift in Sources */,
				586F228E2A33861C004C7410 /* DashboardContentView.swift in Sources */,
				C37782F92DB4F3F800BE2CF2 /* JournalChart.swift in Sources */,
				C3D6A50F2DAFBD9B0030FBC6 /* Protocols.swift in Sources */,
				58D6706D2BD01BBE00F581E2 /* String+Extension.swift in Sources */,
				C3A07BE92DBBF7120057D3C3 /* Database.xcdatamodeld in Sources */,
				586F22A02A338990004C7410 /* AppConfig.swift in Sources */,
				58D670732BD01EC100F581E2 /* View+Extension.swift in Sources */,
				C3A07BDD2DBBCEE20057D3C3 /* VerticalSlider.swift in Sources */,
				C3A07BBF2DBA4B640057D3C3 /* ChartDetailView.swift in Sources */,
				C3A07BDF2DBBCEE20057D3C3 /* JounrnalCreator.swift in Sources */,
				C3BAA6C72DC8FE8400D17DD8 /* SelectTargetView.swift in Sources */,
				C3A07BDA2DBBCEE20057D3C3 /* EmotionInputView.swift in Sources */,
				C3A07BC52DBA4B640057D3C3 /* JournalCreatorViewModel.swift in Sources */,
				C3A07BC62DBA4B640057D3C3 /* ChartViewModel.swift in Sources */,
				C345BA782E54523B00F93049 /* HomeView.swift in Sources */,
				C3A07BDC2DBBCEE20057D3C3 /* SelectShootTypeView.swift in Sources */,
				C3A07BC72DBA4B640057D3C3 /* ChartView.swift in Sources */,
				C3A07BDB2DBBCEE20057D3C3 /* EmotionTracker.swift in Sources */,
				C3BAA6C52DC88F4E00D17DD8 /* CreateTargetView.swift in Sources */,
				58D670752BD01ED900F581E2 /* UIImage+Extension.swift in Sources */,
				9C5A70EA2BD201D0004B6F30 /* Color+Extension.swift in Sources */,
				C3A07BDE2DBBCEE20057D3C3 /* ShootCreationHeader.swift in Sources */,
				C345BA7A2E545A8900F93049 /* JournalList.swift in Sources */,
				58D670772BD01F0400F581E2 /* Binding+Extension.swift in Sources */,
				C3A07BD92DBBCEE20057D3C3 /* ModalHeaderBar.swift in Sources */,
				58FAF68F2D01F2C4008BE152 /* PasscodeView.swift in Sources */,
				C3423FD02DD8F385000F2E4D /* SubGoalData.swift in Sources */,
				C377A9642DCFA63F000F227D /* JournalData.swift in Sources */,
				C3A07BE32DBBCEE20057D3C3 /* EmotionText.swift in Sources */,
				586F229B2A3387AF004C7410 /* DataManager.swift in Sources */,
				C37782F72DB4EE3000BE2CF2 /* JournalMetaData.swift in Sources */,
				C37782F32DB4E3C600BE2CF2 /* JournalSummary.swift in Sources */,
				58D670792BD01F2400F581E2 /* UIAlertAction+Extension.swift in Sources */,
				586F22AB2A339261004C7410 /* JournalEntryCreationStep.swift in Sources */,
				586F228C2A33861C004C7410 /* ReboundJournalApp.swift in Sources */,
				C37E18092E617A53000B4E5B /* HomeViewModel.swift in Sources */,
				C37782F52DB4E65700BE2CF2 /* Array+Extension.swift in Sources */,
				C3A07BE12DBBCEE20057D3C3 /* StepControlView.swift in Sources */,
				C345BA722E50DB4C00F93049 /* TargetList.swift in Sources */,
				58D670712BD01C0F00F581E2 /* Calendar+Extension.swift in Sources */,
			);
			runOnlyForDeploymentPostprocessing = 0;
		};
/* End PBXSourcesBuildPhase section */

/* Begin XCBuildConfiguration section */
		586F22942A33861D004C7410 /* Debug */ = {
			isa = XCBuildConfiguration;
			buildSettings = {
				ALWAYS_SEARCH_USER_PATHS = NO;
				ASSETCATALOG_COMPILER_GENERATE_SWIFT_ASSET_SYMBOL_EXTENSIONS = YES;
				CLANG_ANALYZER_NONNULL = YES;
				CLANG_ANALYZER_NUMBER_OBJECT_CONVERSION = YES_AGGRESSIVE;
				CLANG_CXX_LANGUAGE_STANDARD = "gnu++20";
				CLANG_ENABLE_MODULES = YES;
				CLANG_ENABLE_OBJC_ARC = YES;
				CLANG_ENABLE_OBJC_WEAK = YES;
				CLANG_WARN_BLOCK_CAPTURE_AUTORELEASING = YES;
				CLANG_WARN_BOOL_CONVERSION = YES;
				CLANG_WARN_COMMA = YES;
				CLANG_WARN_CONSTANT_CONVERSION = YES;
				CLANG_WARN_DEPRECATED_OBJC_IMPLEMENTATIONS = YES;
				CLANG_WARN_DIRECT_OBJC_ISA_USAGE = YES_ERROR;
				CLANG_WARN_DOCUMENTATION_COMMENTS = YES;
				CLANG_WARN_EMPTY_BODY = YES;
				CLANG_WARN_ENUM_CONVERSION = YES;
				CLANG_WARN_INFINITE_RECURSION = YES;
				CLANG_WARN_INT_CONVERSION = YES;
				CLANG_WARN_NON_LITERAL_NULL_CONVERSION = YES;
				CLANG_WARN_OBJC_IMPLICIT_RETAIN_SELF = YES;
				CLANG_WARN_OBJC_LITERAL_CONVERSION = YES;
				CLANG_WARN_OBJC_ROOT_CLASS = YES_ERROR;
				CLANG_WARN_QUOTED_INCLUDE_IN_FRAMEWORK_HEADER = YES;
				CLANG_WARN_RANGE_LOOP_ANALYSIS = YES;
				CLANG_WARN_STRICT_PROTOTYPES = YES;
				CLANG_WARN_SUSPICIOUS_MOVE = YES;
				CLANG_WARN_UNGUARDED_AVAILABILITY = YES_AGGRESSIVE;
				CLANG_WARN_UNREACHABLE_CODE = YES;
				CLANG_WARN__DUPLICATE_METHOD_MATCH = YES;
				COPY_PHASE_STRIP = NO;
				DEBUG_INFORMATION_FORMAT = dwarf;
				ENABLE_STRICT_OBJC_MSGSEND = YES;
				ENABLE_TESTABILITY = YES;
				ENABLE_USER_SCRIPT_SANDBOXING = YES;
				GCC_C_LANGUAGE_STANDARD = gnu11;
				GCC_DYNAMIC_NO_PIC = NO;
				GCC_NO_COMMON_BLOCKS = YES;
				GCC_OPTIMIZATION_LEVEL = 0;
				GCC_PREPROCESSOR_DEFINITIONS = (
					"DEBUG=1",
					"$(inherited)",
				);
				GCC_WARN_64_TO_32_BIT_CONVERSION = YES;
				GCC_WARN_ABOUT_RETURN_TYPE = YES_ERROR;
				GCC_WARN_UNDECLARED_SELECTOR = YES;
				GCC_WARN_UNINITIALIZED_AUTOS = YES_AGGRESSIVE;
				GCC_WARN_UNUSED_FUNCTION = YES;
				GCC_WARN_UNUSED_VARIABLE = YES;
				IPHONEOS_DEPLOYMENT_TARGET = 16.4;
				MTL_ENABLE_DEBUG_INFO = INCLUDE_SOURCE;
				MTL_FAST_MATH = YES;
				ONLY_ACTIVE_ARCH = YES;
				SDKROOT = iphoneos;
				SWIFT_ACTIVE_COMPILATION_CONDITIONS = DEBUG;
				SWIFT_EMIT_LOC_STRINGS = YES;
				SWIFT_OPTIMIZATION_LEVEL = "-Onone";
			};
			name = Debug;
		};
		586F22952A33861D004C7410 /* Release */ = {
			isa = XCBuildConfiguration;
			buildSettings = {
				ALWAYS_SEARCH_USER_PATHS = NO;
				ASSETCATALOG_COMPILER_GENERATE_SWIFT_ASSET_SYMBOL_EXTENSIONS = YES;
				CLANG_ANALYZER_NONNULL = YES;
				CLANG_ANALYZER_NUMBER_OBJECT_CONVERSION = YES_AGGRESSIVE;
				CLANG_CXX_LANGUAGE_STANDARD = "gnu++20";
				CLANG_ENABLE_MODULES = YES;
				CLANG_ENABLE_OBJC_ARC = YES;
				CLANG_ENABLE_OBJC_WEAK = YES;
				CLANG_WARN_BLOCK_CAPTURE_AUTORELEASING = YES;
				CLANG_WARN_BOOL_CONVERSION = YES;
				CLANG_WARN_COMMA = YES;
				CLANG_WARN_CONSTANT_CONVERSION = YES;
				CLANG_WARN_DEPRECATED_OBJC_IMPLEMENTATIONS = YES;
				CLANG_WARN_DIRECT_OBJC_ISA_USAGE = YES_ERROR;
				CLANG_WARN_DOCUMENTATION_COMMENTS = YES;
				CLANG_WARN_EMPTY_BODY = YES;
				CLANG_WARN_ENUM_CONVERSION = YES;
				CLANG_WARN_INFINITE_RECURSION = YES;
				CLANG_WARN_INT_CONVERSION = YES;
				CLANG_WARN_NON_LITERAL_NULL_CONVERSION = YES;
				CLANG_WARN_OBJC_IMPLICIT_RETAIN_SELF = YES;
				CLANG_WARN_OBJC_LITERAL_CONVERSION = YES;
				CLANG_WARN_OBJC_ROOT_CLASS = YES_ERROR;
				CLANG_WARN_QUOTED_INCLUDE_IN_FRAMEWORK_HEADER = YES;
				CLANG_WARN_RANGE_LOOP_ANALYSIS = YES;
				CLANG_WARN_STRICT_PROTOTYPES = YES;
				CLANG_WARN_SUSPICIOUS_MOVE = YES;
				CLANG_WARN_UNGUARDED_AVAILABILITY = YES_AGGRESSIVE;
				CLANG_WARN_UNREACHABLE_CODE = YES;
				CLANG_WARN__DUPLICATE_METHOD_MATCH = YES;
				COPY_PHASE_STRIP = NO;
				DEBUG_INFORMATION_FORMAT = "dwarf-with-dsym";
				ENABLE_NS_ASSERTIONS = NO;
				ENABLE_STRICT_OBJC_MSGSEND = YES;
				ENABLE_USER_SCRIPT_SANDBOXING = YES;
				GCC_C_LANGUAGE_STANDARD = gnu11;
				GCC_NO_COMMON_BLOCKS = YES;
				GCC_WARN_64_TO_32_BIT_CONVERSION = YES;
				GCC_WARN_ABOUT_RETURN_TYPE = YES_ERROR;
				GCC_WARN_UNDECLARED_SELECTOR = YES;
				GCC_WARN_UNINITIALIZED_AUTOS = YES_AGGRESSIVE;
				GCC_WARN_UNUSED_FUNCTION = YES;
				GCC_WARN_UNUSED_VARIABLE = YES;
				IPHONEOS_DEPLOYMENT_TARGET = 16.4;
				MTL_ENABLE_DEBUG_INFO = NO;
				MTL_FAST_MATH = YES;
				SDKROOT = iphoneos;
				SWIFT_COMPILATION_MODE = wholemodule;
				SWIFT_EMIT_LOC_STRINGS = YES;
				SWIFT_OPTIMIZATION_LEVEL = "-O";
				VALIDATE_PRODUCT = YES;
			};
			name = Release;
		};
		586F22972A33861D004C7410 /* Debug */ = {
			isa = XCBuildConfiguration;
			buildSettings = {
				ASSETCATALOG_COMPILER_APPICON_NAME = AppIcon;
				ASSETCATALOG_COMPILER_GLOBAL_ACCENT_COLOR_NAME = AccentColor;
				CODE_SIGN_ENTITLEMENTS = "Rebound Journal/Rebound Journal.entitlements";
				CODE_SIGN_IDENTITY = "Apple Development";
				CODE_SIGN_STYLE = Automatic;
				CURRENT_PROJECT_VERSION = 1;
				DEVELOPMENT_ASSET_PATHS = "\"Rebound Journal/Preview Content\"";
				DEVELOPMENT_TEAM = QGAQ3AY3R3;
				ENABLE_PREVIEWS = YES;
				GENERATE_INFOPLIST_FILE = YES;
				INFOPLIST_FILE = "Rebound-Journal-Info.plist";
				INFOPLIST_KEY_CFBundleDisplayName = "리바운드 저널";
				INFOPLIST_KEY_LSApplicationCategoryType = "public.app-category.lifestyle";
				INFOPLIST_KEY_NSUserTrackingUsageDescription = "이 식별자는 귀하에게 개인화된 알람을 제공하는 데 사용됩니다.";
				INFOPLIST_KEY_UIApplicationSceneManifest_Generation = YES;
				INFOPLIST_KEY_UIApplicationSupportsIndirectInputEvents = YES;
				INFOPLIST_KEY_UILaunchScreen_Generation = YES;
				INFOPLIST_KEY_UISupportedInterfaceOrientations_iPad = "UIInterfaceOrientationPortrait UIInterfaceOrientationPortraitUpsideDown UIInterfaceOrientationLandscapeLeft UIInterfaceOrientationLandscapeRight";
				INFOPLIST_KEY_UISupportedInterfaceOrientations_iPhone = "UIInterfaceOrientationPortrait UIInterfaceOrientationLandscapeLeft UIInterfaceOrientationLandscapeRight";
				IPHONEOS_DEPLOYMENT_TARGET = 17.6;
				LD_RUNPATH_SEARCH_PATHS = (
					"$(inherited)",
					"@executable_path/Frameworks",
				);
				MARKETING_VERSION = 1.0.10;
				PRODUCT_BUNDLE_IDENTIFIER = com.leeo.ReboundJournal;
				PRODUCT_NAME = "$(TARGET_NAME)";
				PROVISIONING_PROFILE_SPECIFIER = "";
				SUPPORTED_PLATFORMS = "iphoneos iphonesimulator";
				SUPPORTS_MACCATALYST = NO;
				SUPPORTS_MAC_DESIGNED_FOR_IPHONE_IPAD = YES;
				SWIFT_EMIT_LOC_STRINGS = YES;
				SWIFT_VERSION = 5.0;
				TARGETED_DEVICE_FAMILY = 1;
			};
			name = Debug;
		};
		586F22982A33861D004C7410 /* Release */ = {
			isa = XCBuildConfiguration;
			buildSettings = {
				ASSETCATALOG_COMPILER_APPICON_NAME = AppIcon;
				ASSETCATALOG_COMPILER_GLOBAL_ACCENT_COLOR_NAME = AccentColor;
				CODE_SIGN_ENTITLEMENTS = "Rebound Journal/Rebound Journal.entitlements";
				CODE_SIGN_IDENTITY = "Apple Development";
				CODE_SIGN_STYLE = Automatic;
				CURRENT_PROJECT_VERSION = 1;
				DEVELOPMENT_ASSET_PATHS = "\"Rebound Journal/Preview Content\"";
				DEVELOPMENT_TEAM = QGAQ3AY3R3;
				ENABLE_PREVIEWS = YES;
				GENERATE_INFOPLIST_FILE = YES;
				INFOPLIST_FILE = "Rebound-Journal-Info.plist";
				INFOPLIST_KEY_CFBundleDisplayName = "리바운드 저널";
				INFOPLIST_KEY_LSApplicationCategoryType = "public.app-category.lifestyle";
				INFOPLIST_KEY_NSUserTrackingUsageDescription = "이 식별자는 귀하에게 개인화된 알람을 제공하는 데 사용됩니다.";
				INFOPLIST_KEY_UIApplicationSceneManifest_Generation = YES;
				INFOPLIST_KEY_UIApplicationSupportsIndirectInputEvents = YES;
				INFOPLIST_KEY_UILaunchScreen_Generation = YES;
				INFOPLIST_KEY_UISupportedInterfaceOrientations_iPad = "UIInterfaceOrientationPortrait UIInterfaceOrientationPortraitUpsideDown UIInterfaceOrientationLandscapeLeft UIInterfaceOrientationLandscapeRight";
				INFOPLIST_KEY_UISupportedInterfaceOrientations_iPhone = "UIInterfaceOrientationPortrait UIInterfaceOrientationLandscapeLeft UIInterfaceOrientationLandscapeRight";
				IPHONEOS_DEPLOYMENT_TARGET = 17.6;
				LD_RUNPATH_SEARCH_PATHS = (
					"$(inherited)",
					"@executable_path/Frameworks",
				);
				MARKETING_VERSION = 1.0.10;
				PRODUCT_BUNDLE_IDENTIFIER = com.leeo.ReboundJournal;
				PRODUCT_NAME = "$(TARGET_NAME)";
				PROVISIONING_PROFILE_SPECIFIER = "";
				SUPPORTED_PLATFORMS = "iphoneos iphonesimulator";
				SUPPORTS_MACCATALYST = NO;
				SUPPORTS_MAC_DESIGNED_FOR_IPHONE_IPAD = YES;
				SWIFT_EMIT_LOC_STRINGS = YES;
				SWIFT_VERSION = 5.0;
				TARGETED_DEVICE_FAMILY = 1;
			};
			name = Release;
		};
/* End XCBuildConfiguration section */

/* Begin XCConfigurationList section */
		586F22832A33861C004C7410 /* Build configuration list for PBXProject "Rebound Journal" */ = {
			isa = XCConfigurationList;
			buildConfigurations = (
				586F22942A33861D004C7410 /* Debug */,
				586F22952A33861D004C7410 /* Release */,
			);
			defaultConfigurationIsVisible = 0;
			defaultConfigurationName = Release;
		};
		586F22962A33861D004C7410 /* Build configuration list for PBXNativeTarget "Rebound Journal" */ = {
			isa = XCConfigurationList;
			buildConfigurations = (
				586F22972A33861D004C7410 /* Debug */,
				586F22982A33861D004C7410 /* Release */,
			);
			defaultConfigurationIsVisible = 0;
			defaultConfigurationName = Release;
		};
/* End XCConfigurationList section */

/* Begin XCVersionGroup section */
		C3A07BE72DBBF7120057D3C3 /* Database.xcdatamodeld */ = {
			isa = XCVersionGroup;
			children = (
				C3A07BE82DBBF7120057D3C3 /* Database.xcdatamodel */,
			);
			currentVersion = C3A07BE82DBBF7120057D3C3 /* Database.xcdatamodel */;
			path = Database.xcdatamodeld;
			sourceTree = "<group>";
			versionGroupType = wrapper.xcdatamodel;
		};
/* End XCVersionGroup section */
	};
	rootObject = 586F22802A33861C004C7410 /* Project object */;
}
