// !$*UTF8*$!
{
	archiveVersion = 1;
	classes = {
	};
	objectVersion = 56;
	objects = {

/* Begin PBXBuildFile section */
		586F228C2A33861C004C7410 /* ReboundJournalApp.swift in Sources */ = {isa = PBXBuildFile; fileRef = 586F228B2A33861C004C7410 /* ReboundJournalApp.swift */; };
		586F228E2A33861C004C7410 /* DashboardContentView.swift in Sources */ = {isa = PBXBuildFile; fileRef = 586F228D2A33861C004C7410 /* DashboardContentView.swift */; };
		586F22902A33861D004C7410 /* Assets.xcassets in Resources */ = {isa = PBXBuildFile; fileRef = 586F228F2A33861D004C7410 /* Assets.xcassets */; };
		586F22932A33861D004C7410 /* Preview Assets.xcassets in Resources */ = {isa = PBXBuildFile; fileRef = 586F22922A33861D004C7410 /* Preview Assets.xcassets */; };
		586F229B2A3387AF004C7410 /* DataManager.swift in Sources */ = {isa = PBXBuildFile; fileRef = 586F229A2A3387AF004C7410 /* DataManager.swift */; };
		586F229D2A3388C4004C7410 /* HomeView.swift in Sources */ = {isa = PBXBuildFile; fileRef = 586F229C2A3388C4004C7410 /* HomeView.swift */; };
		586F22A02A338990004C7410 /* AppConfig.swift in Sources */ = {isa = PBXBuildFile; fileRef = 586F229F2A338990004C7410 /* AppConfig.swift */; };
		586F22A92A3390B4004C7410 /* Database.xcdatamodeld in Sources */ = {isa = PBXBuildFile; fileRef = 586F22A72A3390B4004C7410 /* Database.xcdatamodeld */; };
		586F22AB2A339261004C7410 /* JournalEntryCreatorView.swift in Sources */ = {isa = PBXBuildFile; fileRef = 586F22AA2A339261004C7410 /* JournalEntryCreatorView.swift */; };
		589DCCA72D03F4F1003F86E5 /* HistoryView.swift in Sources */ = {isa = PBXBuildFile; fileRef = 589DCCA62D03F4F1003F86E5 /* HistoryView.swift */; };
		589DCCA92D03FDA4003F86E5 /* JournalEntryItemView.swift in Sources */ = {isa = PBXBuildFile; fileRef = 589DCCA82D03FDA4003F86E5 /* JournalEntryItemView.swift */; };
		589DCCAC2D04B169003F86E5 /* PhotoPicker.swift in Sources */ = {isa = PBXBuildFile; fileRef = 589DCCAB2D04B169003F86E5 /* PhotoPicker.swift */; };
		589DCCAE2D04B188003F86E5 /* PhotoDetailView.swift in Sources */ = {isa = PBXBuildFile; fileRef = 589DCCAD2D04B188003F86E5 /* PhotoDetailView.swift */; };
		589DCCB02D04B887003F86E5 /* AppDelegate.swift in Sources */ = {isa = PBXBuildFile; fileRef = 589DCCAF2D04B887003F86E5 /* AppDelegate.swift */; };
		58D6706D2BD01BBE00F581E2 /* String+Extension.swift in Sources */ = {isa = PBXBuildFile; fileRef = 58D6706C2BD01BBE00F581E2 /* String+Extension.swift */; };
		58D6706F2BD01BDE00F581E2 /* Date+Extension.swift in Sources */ = {isa = PBXBuildFile; fileRef = 58D6706E2BD01BDE00F581E2 /* Date+Extension.swift */; };
		58D670712BD01C0F00F581E2 /* Calendar+Extension.swift in Sources */ = {isa = PBXBuildFile; fileRef = 58D670702BD01C0F00F581E2 /* Calendar+Extension.swift */; };
		58D670732BD01EC100F581E2 /* View+Extension.swift in Sources */ = {isa = PBXBuildFile; fileRef = 58D670722BD01EC100F581E2 /* View+Extension.swift */; };
		58D670752BD01ED900F581E2 /* UIImage+Extension.swift in Sources */ = {isa = PBXBuildFile; fileRef = 58D670742BD01ED900F581E2 /* UIImage+Extension.swift */; };
		58D670772BD01F0400F581E2 /* Binding+Extension.swift in Sources */ = {isa = PBXBuildFile; fileRef = 58D670762BD01F0400F581E2 /* Binding+Extension.swift */; };
		58D670792BD01F2400F581E2 /* UIAlertAction+Extension.swift in Sources */ = {isa = PBXBuildFile; fileRef = 58D670782BD01F2400F581E2 /* UIAlertAction+Extension.swift */; };
		58D6707B2BD0275600F581E2 /* Constants.swift in Sources */ = {isa = PBXBuildFile; fileRef = 58D6707A2BD0275600F581E2 /* Constants.swift */; };
		58FAF68D2D01F0C8008BE152 /* SettingsView.swift in Sources */ = {isa = PBXBuildFile; fileRef = 58FAF68C2D01F0C8008BE152 /* SettingsView.swift */; };
		58FAF68F2D01F2C4008BE152 /* PasscodeView.swift in Sources */ = {isa = PBXBuildFile; fileRef = 58FAF68E2D01F2C4008BE152 /* PasscodeView.swift */; };
		58FAF6912D01FDBD008BE152 /* Localizable.xcstrings in Resources */ = {isa = PBXBuildFile; fileRef = 58FAF6902D01FDBD008BE152 /* Localizable.xcstrings */; };
		9C5A70EA2BD201D0004B6F30 /* Color+Extension.swift in Sources */ = {isa = PBXBuildFile; fileRef = 9C5A70E92BD201D0004B6F30 /* Color+Extension.swift */; };
		9C5A70EC2BD2487F004B6F30 /* JournalDetailView.swift in Sources */ = {isa = PBXBuildFile; fileRef = 9C5A70EB2BD2487F004B6F30 /* JournalDetailView.swift */; };
/* End PBXBuildFile section */

/* Begin PBXFileReference section */
		586F22882A33861C004C7410 /* Rebound Journal.app */ = {isa = PBXFileReference; explicitFileType = wrapper.application; includeInIndex = 0; path = "Rebound Journal.app"; sourceTree = BUILT_PRODUCTS_DIR; };
		586F228B2A33861C004C7410 /* ReboundJournalApp.swift */ = {isa = PBXFileReference; lastKnownFileType = sourcecode.swift; path = ReboundJournalApp.swift; sourceTree = "<group>"; };
		586F228D2A33861C004C7410 /* DashboardContentView.swift */ = {isa = PBXFileReference; lastKnownFileType = sourcecode.swift; path = DashboardContentView.swift; sourceTree = "<group>"; };
		586F228F2A33861D004C7410 /* Assets.xcassets */ = {isa = PBXFileReference; lastKnownFileType = folder.assetcatalog; path = Assets.xcassets; sourceTree = "<group>"; };
		586F22922A33861D004C7410 /* Preview Assets.xcassets */ = {isa = PBXFileReference; lastKnownFileType = folder.assetcatalog; path = "Preview Assets.xcassets"; sourceTree = "<group>"; };
		586F229A2A3387AF004C7410 /* DataManager.swift */ = {isa = PBXFileReference; lastKnownFileType = sourcecode.swift; path = DataManager.swift; sourceTree = "<group>"; };
		586F229C2A3388C4004C7410 /* HomeView.swift */ = {isa = PBXFileReference; lastKnownFileType = sourcecode.swift; path = HomeView.swift; sourceTree = "<group>"; };
		586F229F2A338990004C7410 /* AppConfig.swift */ = {isa = PBXFileReference; lastKnownFileType = sourcecode.swift; path = AppConfig.swift; sourceTree = "<group>"; };
		586F22A82A3390B4004C7410 /* Database.xcdatamodel */ = {isa = PBXFileReference; lastKnownFileType = wrapper.xcdatamodel; path = Database.xcdatamodel; sourceTree = "<group>"; };
		586F22AA2A339261004C7410 /* JournalEntryCreatorView.swift */ = {isa = PBXFileReference; lastKnownFileType = sourcecode.swift; path = JournalEntryCreatorView.swift; sourceTree = "<group>"; };
		589DCCA62D03F4F1003F86E5 /* HistoryView.swift */ = {isa = PBXFileReference; lastKnownFileType = sourcecode.swift; path = HistoryView.swift; sourceTree = "<group>"; };
		589DCCA82D03FDA4003F86E5 /* JournalEntryItemView.swift */ = {isa = PBXFileReference; lastKnownFileType = sourcecode.swift; path = JournalEntryItemView.swift; sourceTree = "<group>"; };
		589DCCAB2D04B169003F86E5 /* PhotoPicker.swift */ = {isa = PBXFileReference; lastKnownFileType = sourcecode.swift; path = PhotoPicker.swift; sourceTree = "<group>"; };
		589DCCAD2D04B188003F86E5 /* PhotoDetailView.swift */ = {isa = PBXFileReference; lastKnownFileType = sourcecode.swift; path = PhotoDetailView.swift; sourceTree = "<group>"; };
		589DCCAF2D04B887003F86E5 /* AppDelegate.swift */ = {isa = PBXFileReference; lastKnownFileType = sourcecode.swift; path = AppDelegate.swift; sourceTree = "<group>"; };
		58D6706C2BD01BBE00F581E2 /* String+Extension.swift */ = {isa = PBXFileReference; lastKnownFileType = sourcecode.swift; path = "String+Extension.swift"; sourceTree = "<group>"; };
		58D6706E2BD01BDE00F581E2 /* Date+Extension.swift */ = {isa = PBXFileReference; lastKnownFileType = sourcecode.swift; path = "Date+Extension.swift"; sourceTree = "<group>"; };
		58D670702BD01C0F00F581E2 /* Calendar+Extension.swift */ = {isa = PBXFileReference; lastKnownFileType = sourcecode.swift; path = "Calendar+Extension.swift"; sourceTree = "<group>"; };
		58D670722BD01EC100F581E2 /* View+Extension.swift */ = {isa = PBXFileReference; lastKnownFileType = sourcecode.swift; path = "View+Extension.swift"; sourceTree = "<group>"; };
		58D670742BD01ED900F581E2 /* UIImage+Extension.swift */ = {isa = PBXFileReference; lastKnownFileType = sourcecode.swift; path = "UIImage+Extension.swift"; sourceTree = "<group>"; };
		58D670762BD01F0400F581E2 /* Binding+Extension.swift */ = {isa = PBXFileReference; lastKnownFileType = sourcecode.swift; path = "Binding+Extension.swift"; sourceTree = "<group>"; };
		58D670782BD01F2400F581E2 /* UIAlertAction+Extension.swift */ = {isa = PBXFileReference; lastKnownFileType = sourcecode.swift; path = "UIAlertAction+Extension.swift"; sourceTree = "<group>"; };
		58D6707A2BD0275600F581E2 /* Constants.swift */ = {isa = PBXFileReference; lastKnownFileType = sourcecode.swift; path = Constants.swift; sourceTree = "<group>"; };
		58FAF68C2D01F0C8008BE152 /* SettingsView.swift */ = {isa = PBXFileReference; lastKnownFileType = sourcecode.swift; path = SettingsView.swift; sourceTree = "<group>"; };
		58FAF68E2D01F2C4008BE152 /* PasscodeView.swift */ = {isa = PBXFileReference; lastKnownFileType = sourcecode.swift; path = PasscodeView.swift; sourceTree = "<group>"; };
		58FAF6902D01FDBD008BE152 /* Localizable.xcstrings */ = {isa = PBXFileReference; lastKnownFileType = text.json.xcstrings; path = Localizable.xcstrings; sourceTree = "<group>"; };
		9C5A70E92BD201D0004B6F30 /* Color+Extension.swift */ = {isa = PBXFileReference; lastKnownFileType = sourcecode.swift; path = "Color+Extension.swift"; sourceTree = "<group>"; };
		9C5A70EB2BD2487F004B6F30 /* JournalDetailView.swift */ = {isa = PBXFileReference; lastKnownFileType = sourcecode.swift; path = JournalDetailView.swift; sourceTree = "<group>"; };
/* End PBXFileReference section */

/* Begin PBXFrameworksBuildPhase section */
		586F22852A33861C004C7410 /* Frameworks */ = {
			isa = PBXFrameworksBuildPhase;
			buildActionMask = 2147483647;
			files = (
			);
			runOnlyForDeploymentPostprocessing = 0;
		};
/* End PBXFrameworksBuildPhase section */

/* Begin PBXGroup section */
		586F227F2A33861C004C7410 = {
			isa = PBXGroup;
			children = (
				58FAF6902D01FDBD008BE152 /* Localizable.xcstrings */,
				586F228A2A33861C004C7410 /* Rebound Journal */,
				586F22892A33861C004C7410 /* Products */,
			);
			sourceTree = "<group>";
		};
		586F22892A33861C004C7410 /* Products */ = {
			isa = PBXGroup;
			children = (
				586F22882A33861C004C7410 /* Rebound Journal.app */,
			);
			name = Products;
			sourceTree = "<group>";
		};
		586F228A2A33861C004C7410 /* Rebound Journal */ = {
			isa = PBXGroup;
			children = (
				58D6706B2BD01BA800F581E2 /* Extensions */,
				586F229E2A338981004C7410 /* AppConfig */,
				586F22992A338793004C7410 /* Model */,
				589D5F412A3EDBD100DB3CCF /* Screen */,
				58D6707A2BD0275600F581E2 /* Constants.swift */,
				589DCCAF2D04B887003F86E5 /* AppDelegate.swift */,
				586F228B2A33861C004C7410 /* ReboundJournalApp.swift */,
				586F228F2A33861D004C7410 /* Assets.xcassets */,
				586F22912A33861D004C7410 /* Preview Content */,
			);
			path = "Rebound Journal";
			sourceTree = "<group>";
		};
		586F22912A33861D004C7410 /* Preview Content */ = {
			isa = PBXGroup;
			children = (
				586F22922A33861D004C7410 /* Preview Assets.xcassets */,
			);
			path = "Preview Content";
			sourceTree = "<group>";
		};
		586F22992A338793004C7410 /* Model */ = {
			isa = PBXGroup;
			children = (
				586F229A2A3387AF004C7410 /* DataManager.swift */,
				586F22A72A3390B4004C7410 /* Database.xcdatamodeld */,
			);
			path = Model;
			sourceTree = "<group>";
		};
		586F229E2A338981004C7410 /* AppConfig */ = {
			isa = PBXGroup;
			children = (
				586F229F2A338990004C7410 /* AppConfig.swift */,
			);
			path = AppConfig;
			sourceTree = "<group>";
		};
		589D5F412A3EDBD100DB3CCF /* Screen */ = {
			isa = PBXGroup;
			children = (
				589DCCAA2D04B14C003F86E5 /* Photo */,
				586F228D2A33861C004C7410 /* DashboardContentView.swift */,
				586F229C2A3388C4004C7410 /* HomeView.swift */,
				586F22AA2A339261004C7410 /* JournalEntryCreatorView.swift */,
				9C5A70EB2BD2487F004B6F30 /* JournalDetailView.swift */,
				58FAF68E2D01F2C4008BE152 /* PasscodeView.swift */,
				58FAF68C2D01F0C8008BE152 /* SettingsView.swift */,
				589DCCA62D03F4F1003F86E5 /* HistoryView.swift */,
				589DCCA82D03FDA4003F86E5 /* JournalEntryItemView.swift */,
			);
			path = Screen;
			sourceTree = "<group>";
		};
		589DCCAA2D04B14C003F86E5 /* Photo */ = {
			isa = PBXGroup;
			children = (
				589DCCAB2D04B169003F86E5 /* PhotoPicker.swift */,
				589DCCAD2D04B188003F86E5 /* PhotoDetailView.swift */,
			);
			path = Photo;
			sourceTree = "<group>";
		};
		58D6706B2BD01BA800F581E2 /* Extensions */ = {
			isa = PBXGroup;
			children = (
				58D6706C2BD01BBE00F581E2 /* String+Extension.swift */,
				58D6706E2BD01BDE00F581E2 /* Date+Extension.swift */,
				58D670702BD01C0F00F581E2 /* Calendar+Extension.swift */,
				58D670722BD01EC100F581E2 /* View+Extension.swift */,
				58D670742BD01ED900F581E2 /* UIImage+Extension.swift */,
				58D670762BD01F0400F581E2 /* Binding+Extension.swift */,
				58D670782BD01F2400F581E2 /* UIAlertAction+Extension.swift */,
				9C5A70E92BD201D0004B6F30 /* Color+Extension.swift */,
			);
			path = Extensions;
			sourceTree = "<group>";
		};
/* End PBXGroup section */

/* Begin PBXNativeTarget section */
		586F22872A33861C004C7410 /* Rebound Journal */ = {
			isa = PBXNativeTarget;
			buildConfigurationList = 586F22962A33861D004C7410 /* Build configuration list for PBXNativeTarget "Rebound Journal" */;
			buildPhases = (
				586F22842A33861C004C7410 /* Sources */,
				586F22852A33861C004C7410 /* Frameworks */,
				586F22862A33861C004C7410 /* Resources */,
			);
			buildRules = (
			);
			dependencies = (
			);
			name = "Rebound Journal";
			productName = "Rebound Journal";
			productReference = 586F22882A33861C004C7410 /* Rebound Journal.app */;
			productType = "com.apple.product-type.application";
		};
/* End PBXNativeTarget section */

/* Begin PBXProject section */
		586F22802A33861C004C7410 /* Project object */ = {
			isa = PBXProject;
			attributes = {
				BuildIndependentTargetsInParallel = 1;
				LastSwiftUpdateCheck = 1430;
				LastUpgradeCheck = 1530;
				TargetAttributes = {
					586F22872A33861C004C7410 = {
						CreatedOnToolsVersion = 14.3;
					};
				};
			};
			buildConfigurationList = 586F22832A33861C004C7410 /* Build configuration list for PBXProject "Rebound Journal" */;
			compatibilityVersion = "Xcode 14.0";
			developmentRegion = ko;
			hasScannedForEncodings = 0;
			knownRegions = (
				Base,
				ko,
			);
			mainGroup = 586F227F2A33861C004C7410;
			productRefGroup = 586F22892A33861C004C7410 /* Products */;
			projectDirPath = "";
			projectRoot = "";
			targets = (
				586F22872A33861C004C7410 /* Rebound Journal */,
			);
		};
/* End PBXProject section */

/* Begin PBXResourcesBuildPhase section */
		586F22862A33861C004C7410 /* Resources */ = {
			isa = PBXResourcesBuildPhase;
			buildActionMask = 2147483647;
			files = (
				586F22932A33861D004C7410 /* Preview Assets.xcassets in Resources */,
				586F22902A33861D004C7410 /* Assets.xcassets in Resources */,
				58FAF6912D01FDBD008BE152 /* Localizable.xcstrings in Resources */,
			);
			runOnlyForDeploymentPostprocessing = 0;
		};
/* End PBXResourcesBuildPhase section */

/* Begin PBXSourcesBuildPhase section */
		586F22842A33861C004C7410 /* Sources */ = {
			isa = PBXSourcesBuildPhase;
			buildActionMask = 2147483647;
			files = (
				589DCCB02D04B887003F86E5 /* AppDelegate.swift in Sources */,
				58D6707B2BD0275600F581E2 /* Constants.swift in Sources */,
				9C5A70EC2BD2487F004B6F30 /* JournalDetailView.swift in Sources */,
				58D6706F2BD01BDE00F581E2 /* Date+Extension.swift in Sources */,
				58FAF68D2D01F0C8008BE152 /* SettingsView.swift in Sources */,
				586F228E2A33861C004C7410 /* DashboardContentView.swift in Sources */,
				58D6706D2BD01BBE00F581E2 /* String+Extension.swift in Sources */,
				586F22A02A338990004C7410 /* AppConfig.swift in Sources */,
				58D670732BD01EC100F581E2 /* View+Extension.swift in Sources */,
				586F22A92A3390B4004C7410 /* Database.xcdatamodeld in Sources */,
				58D670752BD01ED900F581E2 /* UIImage+Extension.swift in Sources */,
				9C5A70EA2BD201D0004B6F30 /* Color+Extension.swift in Sources */,
				586F229D2A3388C4004C7410 /* HomeView.swift in Sources */,
				589DCCAC2D04B169003F86E5 /* PhotoPicker.swift in Sources */,
				58D670772BD01F0400F581E2 /* Binding+Extension.swift in Sources */,
				589DCCAE2D04B188003F86E5 /* PhotoDetailView.swift in Sources */,
				58FAF68F2D01F2C4008BE152 /* PasscodeView.swift in Sources */,
				586F229B2A3387AF004C7410 /* DataManager.swift in Sources */,
				58D670792BD01F2400F581E2 /* UIAlertAction+Extension.swift in Sources */,
				586F22AB2A339261004C7410 /* JournalEntryCreatorView.swift in Sources */,
				589DCCA72D03F4F1003F86E5 /* HistoryView.swift in Sources */,
				586F228C2A33861C004C7410 /* ReboundJournalApp.swift in Sources */,
				589DCCA92D03FDA4003F86E5 /* JournalEntryItemView.swift in Sources */,
				58D670712BD01C0F00F581E2 /* Calendar+Extension.swift in Sources */,
			);
			runOnlyForDeploymentPostprocessing = 0;
		};
/* End PBXSourcesBuildPhase section */

/* Begin XCBuildConfiguration section */
		586F22942A33861D004C7410 /* Debug */ = {
			isa = XCBuildConfiguration;
			buildSettings = {
				ALWAYS_SEARCH_USER_PATHS = NO;
				ASSETCATALOG_COMPILER_GENERATE_SWIFT_ASSET_SYMBOL_EXTENSIONS = YES;
				CLANG_ANALYZER_NONNULL = YES;
				CLANG_ANALYZER_NUMBER_OBJECT_CONVERSION = YES_AGGRESSIVE;
				CLANG_CXX_LANGUAGE_STANDARD = "gnu++20";
				CLANG_ENABLE_MODULES = YES;
				CLANG_ENABLE_OBJC_ARC = YES;
				CLANG_ENABLE_OBJC_WEAK = YES;
				CLANG_WARN_BLOCK_CAPTURE_AUTORELEASING = YES;
				CLANG_WARN_BOOL_CONVERSION = YES;
				CLANG_WARN_COMMA = YES;
				CLANG_WARN_CONSTANT_CONVERSION = YES;
				CLANG_WARN_DEPRECATED_OBJC_IMPLEMENTATIONS = YES;
				CLANG_WARN_DIRECT_OBJC_ISA_USAGE = YES_ERROR;
				CLANG_WARN_DOCUMENTATION_COMMENTS = YES;
				CLANG_WARN_EMPTY_BODY = YES;
				CLANG_WARN_ENUM_CONVERSION = YES;
				CLANG_WARN_INFINITE_RECURSION = YES;
				CLANG_WARN_INT_CONVERSION = YES;
				CLANG_WARN_NON_LITERAL_NULL_CONVERSION = YES;
				CLANG_WARN_OBJC_IMPLICIT_RETAIN_SELF = YES;
				CLANG_WARN_OBJC_LITERAL_CONVERSION = YES;
				CLANG_WARN_OBJC_ROOT_CLASS = YES_ERROR;
				CLANG_WARN_QUOTED_INCLUDE_IN_FRAMEWORK_HEADER = YES;
				CLANG_WARN_RANGE_LOOP_ANALYSIS = YES;
				CLANG_WARN_STRICT_PROTOTYPES = YES;
				CLANG_WARN_SUSPICIOUS_MOVE = YES;
				CLANG_WARN_UNGUARDED_AVAILABILITY = YES_AGGRESSIVE;
				CLANG_WARN_UNREACHABLE_CODE = YES;
				CLANG_WARN__DUPLICATE_METHOD_MATCH = YES;
				COPY_PHASE_STRIP = NO;
				DEBUG_INFORMATION_FORMAT = dwarf;
				ENABLE_STRICT_OBJC_MSGSEND = YES;
				ENABLE_TESTABILITY = YES;
				ENABLE_USER_SCRIPT_SANDBOXING = YES;
				GCC_C_LANGUAGE_STANDARD = gnu11;
				GCC_DYNAMIC_NO_PIC = NO;
				GCC_NO_COMMON_BLOCKS = YES;
				GCC_OPTIMIZATION_LEVEL = 0;
				GCC_PREPROCESSOR_DEFINITIONS = (
					"DEBUG=1",
					"$(inherited)",
				);
				GCC_WARN_64_TO_32_BIT_CONVERSION = YES;
				GCC_WARN_ABOUT_RETURN_TYPE = YES_ERROR;
				GCC_WARN_UNDECLARED_SELECTOR = YES;
				GCC_WARN_UNINITIALIZED_AUTOS = YES_AGGRESSIVE;
				GCC_WARN_UNUSED_FUNCTION = YES;
				GCC_WARN_UNUSED_VARIABLE = YES;
				IPHONEOS_DEPLOYMENT_TARGET = 16.4;
				MTL_ENABLE_DEBUG_INFO = INCLUDE_SOURCE;
				MTL_FAST_MATH = YES;
				ONLY_ACTIVE_ARCH = YES;
				SDKROOT = iphoneos;
				SWIFT_ACTIVE_COMPILATION_CONDITIONS = DEBUG;
				SWIFT_EMIT_LOC_STRINGS = YES;
				SWIFT_OPTIMIZATION_LEVEL = "-Onone";
			};
			name = Debug;
		};
		586F22952A33861D004C7410 /* Release */ = {
			isa = XCBuildConfiguration;
			buildSettings = {
				ALWAYS_SEARCH_USER_PATHS = NO;
				ASSETCATALOG_COMPILER_GENERATE_SWIFT_ASSET_SYMBOL_EXTENSIONS = YES;
				CLANG_ANALYZER_NONNULL = YES;
				CLANG_ANALYZER_NUMBER_OBJECT_CONVERSION = YES_AGGRESSIVE;
				CLANG_CXX_LANGUAGE_STANDARD = "gnu++20";
				CLANG_ENABLE_MODULES = YES;
				CLANG_ENABLE_OBJC_ARC = YES;
				CLANG_ENABLE_OBJC_WEAK = YES;
				CLANG_WARN_BLOCK_CAPTURE_AUTORELEASING = YES;
				CLANG_WARN_BOOL_CONVERSION = YES;
				CLANG_WARN_COMMA = YES;
				CLANG_WARN_CONSTANT_CONVERSION = YES;
				CLANG_WARN_DEPRECATED_OBJC_IMPLEMENTATIONS = YES;
				CLANG_WARN_DIRECT_OBJC_ISA_USAGE = YES_ERROR;
				CLANG_WARN_DOCUMENTATION_COMMENTS = YES;
				CLANG_WARN_EMPTY_BODY = YES;
				CLANG_WARN_ENUM_CONVERSION = YES;
				CLANG_WARN_INFINITE_RECURSION = YES;
				CLANG_WARN_INT_CONVERSION = YES;
				CLANG_WARN_NON_LITERAL_NULL_CONVERSION = YES;
				CLANG_WARN_OBJC_IMPLICIT_RETAIN_SELF = YES;
				CLANG_WARN_OBJC_LITERAL_CONVERSION = YES;
				CLANG_WARN_OBJC_ROOT_CLASS = YES_ERROR;
				CLANG_WARN_QUOTED_INCLUDE_IN_FRAMEWORK_HEADER = YES;
				CLANG_WARN_RANGE_LOOP_ANALYSIS = YES;
				CLANG_WARN_STRICT_PROTOTYPES = YES;
				CLANG_WARN_SUSPICIOUS_MOVE = YES;
				CLANG_WARN_UNGUARDED_AVAILABILITY = YES_AGGRESSIVE;
				CLANG_WARN_UNREACHABLE_CODE = YES;
				CLANG_WARN__DUPLICATE_METHOD_MATCH = YES;
				COPY_PHASE_STRIP = NO;
				DEBUG_INFORMATION_FORMAT = "dwarf-with-dsym";
				ENABLE_NS_ASSERTIONS = NO;
				ENABLE_STRICT_OBJC_MSGSEND = YES;
				ENABLE_USER_SCRIPT_SANDBOXING = YES;
				GCC_C_LANGUAGE_STANDARD = gnu11;
				GCC_NO_COMMON_BLOCKS = YES;
				GCC_WARN_64_TO_32_BIT_CONVERSION = YES;
				GCC_WARN_ABOUT_RETURN_TYPE = YES_ERROR;
				GCC_WARN_UNDECLARED_SELECTOR = YES;
				GCC_WARN_UNINITIALIZED_AUTOS = YES_AGGRESSIVE;
				GCC_WARN_UNUSED_FUNCTION = YES;
				GCC_WARN_UNUSED_VARIABLE = YES;
				IPHONEOS_DEPLOYMENT_TARGET = 16.4;
				MTL_ENABLE_DEBUG_INFO = NO;
				MTL_FAST_MATH = YES;
				SDKROOT = iphoneos;
				SWIFT_COMPILATION_MODE = wholemodule;
				SWIFT_EMIT_LOC_STRINGS = YES;
				SWIFT_OPTIMIZATION_LEVEL = "-O";
				VALIDATE_PRODUCT = YES;
			};
			name = Release;
		};
		586F22972A33861D004C7410 /* Debug */ = {
			isa = XCBuildConfiguration;
			buildSettings = {
				ASSETCATALOG_COMPILER_APPICON_NAME = AppIcon;
				ASSETCATALOG_COMPILER_GLOBAL_ACCENT_COLOR_NAME = AccentColor;
				CODE_SIGN_STYLE = Automatic;
				CURRENT_PROJECT_VERSION = 1;
				DEVELOPMENT_ASSET_PATHS = "\"Rebound Journal/Preview Content\"";
				DEVELOPMENT_TEAM = QGAQ3AY3R3;
				ENABLE_PREVIEWS = YES;
				GENERATE_INFOPLIST_FILE = YES;
				INFOPLIST_KEY_CFBundleDisplayName = "리바운드 저널";
				INFOPLIST_KEY_LSApplicationCategoryType = "public.app-category.lifestyle";
				INFOPLIST_KEY_UIApplicationSceneManifest_Generation = YES;
				INFOPLIST_KEY_UIApplicationSupportsIndirectInputEvents = YES;
				INFOPLIST_KEY_UILaunchScreen_Generation = YES;
				INFOPLIST_KEY_UISupportedInterfaceOrientations_iPad = "UIInterfaceOrientationPortrait UIInterfaceOrientationPortraitUpsideDown UIInterfaceOrientationLandscapeLeft UIInterfaceOrientationLandscapeRight";
				INFOPLIST_KEY_UISupportedInterfaceOrientations_iPhone = "UIInterfaceOrientationPortrait UIInterfaceOrientationLandscapeLeft UIInterfaceOrientationLandscapeRight";
				LD_RUNPATH_SEARCH_PATHS = (
					"$(inherited)",
					"@executable_path/Frameworks",
				);
				MARKETING_VERSION = 1.0.3;
				PRODUCT_BUNDLE_IDENTIFIER = com.leeo.ReboundJournal;
				PRODUCT_NAME = "$(TARGET_NAME)";
				SUPPORTED_PLATFORMS = "iphoneos iphonesimulator";
				SUPPORTS_MACCATALYST = NO;
				SUPPORTS_MAC_DESIGNED_FOR_IPHONE_IPAD = YES;
				SWIFT_EMIT_LOC_STRINGS = YES;
				SWIFT_VERSION = 5.0;
				TARGETED_DEVICE_FAMILY = 1;
			};
			name = Debug;
		};
		586F22982A33861D004C7410 /* Release */ = {
			isa = XCBuildConfiguration;
			buildSettings = {
				ASSETCATALOG_COMPILER_APPICON_NAME = AppIcon;
				ASSETCATALOG_COMPILER_GLOBAL_ACCENT_COLOR_NAME = AccentColor;
				CODE_SIGN_STYLE = Automatic;
				CURRENT_PROJECT_VERSION = 1;
				DEVELOPMENT_ASSET_PATHS = "\"Rebound Journal/Preview Content\"";
				DEVELOPMENT_TEAM = QGAQ3AY3R3;
				ENABLE_PREVIEWS = YES;
				GENERATE_INFOPLIST_FILE = YES;
				INFOPLIST_KEY_CFBundleDisplayName = "리바운드 저널";
				INFOPLIST_KEY_LSApplicationCategoryType = "public.app-category.lifestyle";
				INFOPLIST_KEY_UIApplicationSceneManifest_Generation = YES;
				INFOPLIST_KEY_UIApplicationSupportsIndirectInputEvents = YES;
				INFOPLIST_KEY_UILaunchScreen_Generation = YES;
				INFOPLIST_KEY_UISupportedInterfaceOrientations_iPad = "UIInterfaceOrientationPortrait UIInterfaceOrientationPortraitUpsideDown UIInterfaceOrientationLandscapeLeft UIInterfaceOrientationLandscapeRight";
				INFOPLIST_KEY_UISupportedInterfaceOrientations_iPhone = "UIInterfaceOrientationPortrait UIInterfaceOrientationLandscapeLeft UIInterfaceOrientationLandscapeRight";
				LD_RUNPATH_SEARCH_PATHS = (
					"$(inherited)",
					"@executable_path/Frameworks",
				);
				MARKETING_VERSION = 1.0.3;
				PRODUCT_BUNDLE_IDENTIFIER = com.leeo.ReboundJournal;
				PRODUCT_NAME = "$(TARGET_NAME)";
				SUPPORTED_PLATFORMS = "iphoneos iphonesimulator";
				SUPPORTS_MACCATALYST = NO;
				SUPPORTS_MAC_DESIGNED_FOR_IPHONE_IPAD = YES;
				SWIFT_EMIT_LOC_STRINGS = YES;
				SWIFT_VERSION = 5.0;
				TARGETED_DEVICE_FAMILY = 1;
			};
			name = Release;
		};
/* End XCBuildConfiguration section */

/* Begin XCConfigurationList section */
		586F22832A33861C004C7410 /* Build configuration list for PBXProject "Rebound Journal" */ = {
			isa = XCConfigurationList;
			buildConfigurations = (
				586F22942A33861D004C7410 /* Debug */,
				586F22952A33861D004C7410 /* Release */,
			);
			defaultConfigurationIsVisible = 0;
			defaultConfigurationName = Release;
		};
		586F22962A33861D004C7410 /* Build configuration list for PBXNativeTarget "Rebound Journal" */ = {
			isa = XCConfigurationList;
			buildConfigurations = (
				586F22972A33861D004C7410 /* Debug */,
				586F22982A33861D004C7410 /* Release */,
			);
			defaultConfigurationIsVisible = 0;
			defaultConfigurationName = Release;
		};
/* End XCConfigurationList section */

/* Begin XCVersionGroup section */
		586F22A72A3390B4004C7410 /* Database.xcdatamodeld */ = {
			isa = XCVersionGroup;
			children = (
				586F22A82A3390B4004C7410 /* Database.xcdatamodel */,
			);
			currentVersion = 586F22A82A3390B4004C7410 /* Database.xcdatamodel */;
			path = Database.xcdatamodeld;
			sourceTree = "<group>";
			versionGroupType = wrapper.xcdatamodel;
		};
/* End XCVersionGroup section */
	};
	rootObject = 586F22802A33861C004C7410 /* Project object */;
}
